
Microsoft Visual Studio Solution File, Format Version 12.00
# Visual Studio Version 16
VisualStudioVersion = 16.0.29519.87
MinimumVisualStudioVersion = 10.0.40219.1
Project("{FAE04EC0-301F-11D3-BF4B-00C04F79EFBC}") = "IndividualCapStoneSAWebApplication", "IndividualCapStoneSAWebApplication\IndividualCapStoneSAWebApplication.csproj", "{51DCF577-C578-4CFA-B4C7-AB8A1918E197}"
EndProject
Global
	GlobalSection(SolutionConfigurationPlatforms) = preSolution
		Debug|Any CPU = Debug|Any CPU
		Release|Any CPU = Release|Any CPU
	EndGlobalSection
	GlobalSection(ProjectConfigurationPlatforms) = postSolution
		{51DCF577-C578-4CFA-B4C7-AB8A1918E197}.Debug|Any CPU.ActiveCfg = Debug|Any CPU
		{51DCF577-C578-4CFA-B4C7-AB8A1918E197}.Debug|Any CPU.Build.0 = Debug|Any CPU
		{51DCF577-C578-4CFA-B4C7-AB8A1918E197}.Release|Any CPU.ActiveCfg = Release|Any CPU
		{51DCF577-C578-4CFA-B4C7-AB8A1918E197}.Release|Any CPU.Build.0 = Release|Any CPU
	EndGlobalSection
	GlobalSection(SolutionProperties) = preSolution
		HideSolutionNode = FALSE
	EndGlobalSection
	GlobalSection(ExtensibilityGlobals) = postSolution
		SolutionGuid = {5917801B-A100-4CAB-A033-E0495363B8D4}
	EndGlobalSection
EndGlobal
